
Microsoft Visual Studio Solution File, Format Version 12.00
# Visual Studio Version 17
VisualStudioVersion = 17.6.33723.286
MinimumVisualStudioVersion = 10.0.40219.1
Project("{FAE04EC0-301F-11D3-BF4B-00C04F79EFBC}") = "TestAppMaxForAzure", "TestAppMaxForAzure\TestAppMaxForAzure.csproj", "{9517A396-4B2B-4606-A6FB-3F418F465944}"
EndProject
Global
	GlobalSection(SolutionConfigurationPlatforms) = preSolution
		Debug|Any CPU = Debug|Any CPU
		Release|Any CPU = Release|Any CPU
	EndGlobalSection
	GlobalSection(ProjectConfigurationPlatforms) = postSolution
		{9517A396-4B2B-4606-A6FB-3F418F465944}.Debug|Any CPU.ActiveCfg = Debug|Any CPU
		{9517A396-4B2B-4606-A6FB-3F418F465944}.Debug|Any CPU.Build.0 = Debug|Any CPU
		{9517A396-4B2B-4606-A6FB-3F418F465944}.Release|Any CPU.ActiveCfg = Release|Any CPU
		{9517A396-4B2B-4606-A6FB-3F418F465944}.Release|Any CPU.Build.0 = Release|Any CPU
	EndGlobalSection
	GlobalSection(SolutionProperties) = preSolution
		HideSolutionNode = FALSE
	EndGlobalSection
	GlobalSection(ExtensibilityGlobals) = postSolution
		SolutionGuid = {DF5B54AE-8D5D-4FBC-97D7-79C538A5134E}
	EndGlobalSection
EndGlobal
